
Microsoft Visual Studio Solution File, Format Version 12.00
Project("{FAE04EC0-301F-11D3-BF4B-00C04F79EFBC}") = "Services\Catalog\Catalog.API", "Services\Catalog\Catalog.API\Catalog.API.csproj", "{8580DDDD-1A57-4B3E-95A4-D9DF6510ABDE}"
EndProject
Project("{FAE04EC0-301F-11D3-BF4B-00C04F79EFBC}") = "Services\Basket\Basket.API", "Services\Basket\Basket.API\Basket.API.csproj", "{DFDB87C0-3610-41E7-B3C0-2BF75DAC0D1F}"
EndProject
Project("{FAE04EC0-301F-11D3-BF4B-00C04F79EFBC}") = "Services\Discount\Discount.API", "Services\Discount\Discount.API\Discount.API.csproj", "{06FDE83C-0BFC-4F77-B95C-9CCAFB19B837}"
EndProject
Project("{FAE04EC0-301F-11D3-BF4B-00C04F79EFBC}") = "Services\Discount\Discount.Grpc", "Services\Discount\Discount.Grpc\Discount.Grpc.csproj", "{CD1FBC73-E5F4-4D3E-89D2-DC2DEE5F3F7E}"
EndProject
Project("{2150E333-8FDC-42A3-9474-1A3956D46DE8}") = "Basket", "Basket", "{2A20E251-7BF1-4C3C-8223-FD6ECD2B0968}"
EndProject
Project("{2150E333-8FDC-42A3-9474-1A3956D46DE8}") = "Catalog", "Catalog", "{50AFEDC4-4BFE-4B70-AA63-CC071E148C11}"
EndProject
Project("{2150E333-8FDC-42A3-9474-1A3956D46DE8}") = "Discount", "Discount", "{B47B38AA-E419-4D18-8B6B-4200524E109C}"
EndProject
Global
	GlobalSection(SolutionConfigurationPlatforms) = preSolution
		Debug|Any CPU = Debug|Any CPU
		Release|Any CPU = Release|Any CPU
	EndGlobalSection
	GlobalSection(NestedProjects) = preSolution
		{2FAF89B5-5A2A-4855-855B-3015940E1CE1} = {FBFC8A64-48E0-4415-9BE1-3B56915855BD}
		{11BD8B90-4164-44DE-90F0-181EAB30F125} = {FBFC8A64-48E0-4415-9BE1-3B56915855BD}
		{A50DC4DB-A6CF-4CB8-804D-112B2681356D} = {FBFC8A64-48E0-4415-9BE1-3B56915855BD}
		{DFDB87C0-3610-41E7-B3C0-2BF75DAC0D1F} = {2A20E251-7BF1-4C3C-8223-FD6ECD2B0968}
		{8580DDDD-1A57-4B3E-95A4-D9DF6510ABDE} = {50AFEDC4-4BFE-4B70-AA63-CC071E148C11}
		{06FDE83C-0BFC-4F77-B95C-9CCAFB19B837} = {B47B38AA-E419-4D18-8B6B-4200524E109C}
		{CD1FBC73-E5F4-4D3E-89D2-DC2DEE5F3F7E} = {B47B38AA-E419-4D18-8B6B-4200524E109C}
	EndGlobalSection
	GlobalSection(ProjectConfigurationPlatforms) = postSolution
		{8580DDDD-1A57-4B3E-95A4-D9DF6510ABDE}.Debug|Any CPU.ActiveCfg = Debug|Any CPU
		{8580DDDD-1A57-4B3E-95A4-D9DF6510ABDE}.Debug|Any CPU.Build.0 = Debug|Any CPU
		{8580DDDD-1A57-4B3E-95A4-D9DF6510ABDE}.Release|Any CPU.ActiveCfg = Release|Any CPU
		{8580DDDD-1A57-4B3E-95A4-D9DF6510ABDE}.Release|Any CPU.Build.0 = Release|Any CPU
		{DFDB87C0-3610-41E7-B3C0-2BF75DAC0D1F}.Debug|Any CPU.ActiveCfg = Debug|Any CPU
		{DFDB87C0-3610-41E7-B3C0-2BF75DAC0D1F}.Debug|Any CPU.Build.0 = Debug|Any CPU
		{DFDB87C0-3610-41E7-B3C0-2BF75DAC0D1F}.Release|Any CPU.ActiveCfg = Release|Any CPU
		{DFDB87C0-3610-41E7-B3C0-2BF75DAC0D1F}.Release|Any CPU.Build.0 = Release|Any CPU
		{06FDE83C-0BFC-4F77-B95C-9CCAFB19B837}.Debug|Any CPU.ActiveCfg = Debug|Any CPU
		{06FDE83C-0BFC-4F77-B95C-9CCAFB19B837}.Debug|Any CPU.Build.0 = Debug|Any CPU
		{06FDE83C-0BFC-4F77-B95C-9CCAFB19B837}.Release|Any CPU.ActiveCfg = Release|Any CPU
		{06FDE83C-0BFC-4F77-B95C-9CCAFB19B837}.Release|Any CPU.Build.0 = Release|Any CPU
		{CD1FBC73-E5F4-4D3E-89D2-DC2DEE5F3F7E}.Debug|Any CPU.ActiveCfg = Debug|Any CPU
		{CD1FBC73-E5F4-4D3E-89D2-DC2DEE5F3F7E}.Debug|Any CPU.Build.0 = Debug|Any CPU
		{CD1FBC73-E5F4-4D3E-89D2-DC2DEE5F3F7E}.Release|Any CPU.ActiveCfg = Release|Any CPU
		{CD1FBC73-E5F4-4D3E-89D2-DC2DEE5F3F7E}.Release|Any CPU.Build.0 = Release|Any CPU
	EndGlobalSection
EndGlobal
