
Microsoft Visual Studio Solution File, Format Version 12.00
Project("{FAE04EC0-301F-11D3-BF4B-00C04F79EFBC}") = "Basket.API", "Services\Basket\Basket.API\Basket.API.csproj", "{767990F0-D553-4193-BFDC-CA825C3E6D95}"
EndProject
Project("{FAE04EC0-301F-11D3-BF4B-00C04F79EFBC}") = "Discount.API", "Services\Discount\Discount.API\Discount.API.csproj", "{D9A10C48-9FF4-4CC5-AC46-F926B636731E}"
EndProject
Project("{FAE04EC0-301F-11D3-BF4B-00C04F79EFBC}") = "Catalog.API", "Services\Catalog\Catalog.API\Catalog.API.csproj", "{694CFEB9-84F0-493C-B7D0-029163A59EB7}"
EndProject
Project("{FAE04EC0-301F-11D3-BF4B-00C04F79EFBC}") = "Discount.Grpc", "Services\Discount\Discount.Grpc\Discount.Grpc.csproj", "{C785E46B-32F9-4FD1-8159-FF081D49E8B5}"
EndProject
Global
	GlobalSection(SolutionConfigurationPlatforms) = preSolution
		Debug|Any CPU = Debug|Any CPU
		Release|Any CPU = Release|Any CPU
	EndGlobalSection
	GlobalSection(ProjectConfigurationPlatforms) = postSolution
		{767990F0-D553-4193-BFDC-CA825C3E6D95}.Debug|Any CPU.ActiveCfg = Debug|Any CPU
		{767990F0-D553-4193-BFDC-CA825C3E6D95}.Debug|Any CPU.Build.0 = Debug|Any CPU
		{767990F0-D553-4193-BFDC-CA825C3E6D95}.Release|Any CPU.ActiveCfg = Release|Any CPU
		{767990F0-D553-4193-BFDC-CA825C3E6D95}.Release|Any CPU.Build.0 = Release|Any CPU
		{D9A10C48-9FF4-4CC5-AC46-F926B636731E}.Debug|Any CPU.ActiveCfg = Debug|Any CPU
		{D9A10C48-9FF4-4CC5-AC46-F926B636731E}.Debug|Any CPU.Build.0 = Debug|Any CPU
		{D9A10C48-9FF4-4CC5-AC46-F926B636731E}.Release|Any CPU.ActiveCfg = Release|Any CPU
		{D9A10C48-9FF4-4CC5-AC46-F926B636731E}.Release|Any CPU.Build.0 = Release|Any CPU
		{694CFEB9-84F0-493C-B7D0-029163A59EB7}.Debug|Any CPU.ActiveCfg = Debug|Any CPU
		{694CFEB9-84F0-493C-B7D0-029163A59EB7}.Debug|Any CPU.Build.0 = Debug|Any CPU
		{694CFEB9-84F0-493C-B7D0-029163A59EB7}.Release|Any CPU.ActiveCfg = Release|Any CPU
		{694CFEB9-84F0-493C-B7D0-029163A59EB7}.Release|Any CPU.Build.0 = Release|Any CPU
		{C785E46B-32F9-4FD1-8159-FF081D49E8B5}.Debug|Any CPU.ActiveCfg = Debug|Any CPU
		{C785E46B-32F9-4FD1-8159-FF081D49E8B5}.Debug|Any CPU.Build.0 = Debug|Any CPU
		{C785E46B-32F9-4FD1-8159-FF081D49E8B5}.Release|Any CPU.ActiveCfg = Release|Any CPU
		{C785E46B-32F9-4FD1-8159-FF081D49E8B5}.Release|Any CPU.Build.0 = Release|Any CPU
	EndGlobalSection
EndGlobal
